
Microsoft Visual Studio Solution File, Format Version 12.00
Project("{FAE04EC0-301F-11D3-BF4B-00C04F79EFBC}") = "APP", "APP\APP.csproj", "{7BFB955A-93AB-4B0A-B330-AC9F9C88FC7D}"
EndProject
Project("{FAE04EC0-301F-11D3-BF4B-00C04F79EFBC}") = "BLL", "BLL\BLL.csproj", "{74C001CF-5866-4149-B3EE-8CC4B4099A23}"
EndProject
Project("{FAE04EC0-301F-11D3-BF4B-00C04F79EFBC}") = "DAL", "DAL\DAL.csproj", "{28C9952A-2FAA-40E0-AD2A-639C623227D1}"
EndProject
Global
	GlobalSection(SolutionConfigurationPlatforms) = preSolution
		Debug|Any CPU = Debug|Any CPU
		Release|Any CPU = Release|Any CPU
	EndGlobalSection
	GlobalSection(ProjectConfigurationPlatforms) = postSolution
		{7BFB955A-93AB-4B0A-B330-AC9F9C88FC7D}.Debug|Any CPU.ActiveCfg = Debug|Any CPU
		{7BFB955A-93AB-4B0A-B330-AC9F9C88FC7D}.Debug|Any CPU.Build.0 = Debug|Any CPU
		{7BFB955A-93AB-4B0A-B330-AC9F9C88FC7D}.Release|Any CPU.ActiveCfg = Release|Any CPU
		{7BFB955A-93AB-4B0A-B330-AC9F9C88FC7D}.Release|Any CPU.Build.0 = Release|Any CPU
		{74C001CF-5866-4149-B3EE-8CC4B4099A23}.Debug|Any CPU.ActiveCfg = Debug|Any CPU
		{74C001CF-5866-4149-B3EE-8CC4B4099A23}.Debug|Any CPU.Build.0 = Debug|Any CPU
		{74C001CF-5866-4149-B3EE-8CC4B4099A23}.Release|Any CPU.ActiveCfg = Release|Any CPU
		{74C001CF-5866-4149-B3EE-8CC4B4099A23}.Release|Any CPU.Build.0 = Release|Any CPU
		{28C9952A-2FAA-40E0-AD2A-639C623227D1}.Debug|Any CPU.ActiveCfg = Debug|Any CPU
		{28C9952A-2FAA-40E0-AD2A-639C623227D1}.Debug|Any CPU.Build.0 = Debug|Any CPU
		{28C9952A-2FAA-40E0-AD2A-639C623227D1}.Release|Any CPU.ActiveCfg = Release|Any CPU
		{28C9952A-2FAA-40E0-AD2A-639C623227D1}.Release|Any CPU.Build.0 = Release|Any CPU
	EndGlobalSection
EndGlobal
